// !$*UTF8*$!
{
	archiveVersion = 1;
	classes = {
	};
	objectVersion = 77;
	objects = {

/* Begin PBXBuildFile section */
		30586490648C90923277B31B /* Assets.xcassets in Resources */ = {isa = PBXBuildFile; fileRef = 2BABB2A599587B53D1C8F8E6 /* Assets.xcassets */; };
		361612C48F65182E96012A67 /* PrivacyInfo.xcprivacy in Resources */ = {isa = PBXBuildFile; fileRef = 4B75E3E0455652CC37551EED /* PrivacyInfo.xcprivacy */; };
		3F910FBB606FFED662052AD7 /* SettingsView.swift in Sources */ = {isa = PBXBuildFile; fileRef = 681CC499C4474C7D8C77D65D /* SettingsView.swift */; };
		5B1398A1EC221724DFE01AE2 /* web in Resources */ = {isa = PBXBuildFile; fileRef = 1B2266128EF4F9554C689C8F /* web */; };
		A000C45F60E9FF9EA7982BF1 /* TalkieApp.swift in Sources */ = {isa = PBXBuildFile; fileRef = 1B0426D57ECBB419694D3263 /* TalkieApp.swift */; };
		F33CE4580393952A335322A0 /* WebAppView.swift in Sources */ = {isa = PBXBuildFile; fileRef = 905A42CA21CA00086495C57D /* WebAppView.swift */; };
/* End PBXBuildFile section */

/* Begin PBXFileReference section */
		1B0426D57ECBB419694D3263 /* TalkieApp.swift */ = {isa = PBXFileReference; lastKnownFileType = sourcecode.swift; path = TalkieApp.swift; sourceTree = "<group>"; };
		1B2266128EF4F9554C689C8F /* web */ = {isa = PBXFileReference; lastKnownFileType = folder; name = web; path = Talkie/Resources/web; sourceTree = SOURCE_ROOT; };
		2BABB2A599587B53D1C8F8E6 /* Assets.xcassets */ = {isa = PBXFileReference; lastKnownFileType = folder.assetcatalog; path = Assets.xcassets; sourceTree = "<group>"; };
		4B75E3E0455652CC37551EED /* PrivacyInfo.xcprivacy */ = {isa = PBXFileReference; path = PrivacyInfo.xcprivacy; sourceTree = "<group>"; };
		681CC499C4474C7D8C77D65D /* SettingsView.swift */ = {isa = PBXFileReference; lastKnownFileType = sourcecode.swift; path = SettingsView.swift; sourceTree = "<group>"; };
		905A42CA21CA00086495C57D /* WebAppView.swift */ = {isa = PBXFileReference; lastKnownFileType = sourcecode.swift; path = WebAppView.swift; sourceTree = "<group>"; };
		92173E2C177853E5ADD8A345 /* Talkie.app */ = {isa = PBXFileReference; includeInIndex = 0; lastKnownFileType = wrapper.application; path = Talkie.app; sourceTree = BUILT_PRODUCTS_DIR; };
/* End PBXFileReference section */

/* Begin PBXGroup section */
		BBEF53A431CD4D10F1B0ABF4 = {
			isa = PBXGroup;
			children = (
				1B2266128EF4F9554C689C8F /* web */,
				C706A4014175EC99A868519B /* Talkie */,
				EC3EE94DAAE074F1D0B4D2E1 /* Products */,
			);
			sourceTree = "<group>";
		};
		C706A4014175EC99A868519B /* Talkie */ = {
			isa = PBXGroup;
			children = (
				2BABB2A599587B53D1C8F8E6 /* Assets.xcassets */,
				4B75E3E0455652CC37551EED /* PrivacyInfo.xcprivacy */,
				681CC499C4474C7D8C77D65D /* SettingsView.swift */,
				1B0426D57ECBB419694D3263 /* TalkieApp.swift */,
				905A42CA21CA00086495C57D /* WebAppView.swift */,
			);
			path = Talkie;
			sourceTree = "<group>";
		};
		EC3EE94DAAE074F1D0B4D2E1 /* Products */ = {
			isa = PBXGroup;
			children = (
				92173E2C177853E5ADD8A345 /* Talkie.app */,
			);
			name = Products;
			sourceTree = "<group>";
		};
/* End PBXGroup section */

/* Begin PBXNativeTarget section */
		1EB6D14809D2E04C6D77B8BC /* Talkie */ = {
			isa = PBXNativeTarget;
			buildConfigurationList = 5B858D37600594C5F58FDB22 /* Build configuration list for PBXNativeTarget "Talkie" */;
			buildPhases = (
				EA194AA771EAE7B4558378F9 /* Sources */,
				50E43F8F207F190E1D0EBDAD /* Resources */,
			);
			buildRules = (
			);
			dependencies = (
			);
			name = Talkie;
			packageProductDependencies = (
			);
			productName = Talkie;
			productReference = 92173E2C177853E5ADD8A345 /* Talkie.app */;
			productType = "com.apple.product-type.application";
		};
/* End PBXNativeTarget section */

/* Begin PBXProject section */
		1DA5ACDD0A68FC39CAEAE97F /* Project object */ = {
			isa = PBXProject;
			attributes = {
				BuildIndependentTargetsInParallel = YES;
				LastUpgradeCheck = 2600;
				TargetAttributes = {
					1EB6D14809D2E04C6D77B8BC = {
						DevelopmentTeam = Z75997FG3P;
						ProvisioningStyle = Automatic;
					};
				};
			};
			buildConfigurationList = 585B82EC452E00A8B77B93CB /* Build configuration list for PBXProject "Talkie" */;
			developmentRegion = en;
			hasScannedForEncodings = 0;
			knownRegions = (
				Base,
				en,
			);
			mainGroup = BBEF53A431CD4D10F1B0ABF4;
			minimizedProjectReferenceProxies = 1;
			preferredProjectObjectVersion = 77;
			productRefGroup = EC3EE94DAAE074F1D0B4D2E1 /* Products */;
			projectDirPath = "";
			projectRoot = "";
			targets = (
				1EB6D14809D2E04C6D77B8BC /* Talkie */,
			);
		};
/* End PBXProject section */

/* Begin PBXResourcesBuildPhase section */
		50E43F8F207F190E1D0EBDAD /* Resources */ = {
			isa = PBXResourcesBuildPhase;
			buildActionMask = 2147483647;
			files = (
				30586490648C90923277B31B /* Assets.xcassets in Resources */,
				361612C48F65182E96012A67 /* PrivacyInfo.xcprivacy in Resources */,
				5B1398A1EC221724DFE01AE2 /* web in Resources */,
			);
			runOnlyForDeploymentPostprocessing = 0;
		};
/* End PBXResourcesBuildPhase section */

/* Begin PBXSourcesBuildPhase section */
		EA194AA771EAE7B4558378F9 /* Sources */ = {
			isa = PBXSourcesBuildPhase;
			buildActionMask = 2147483647;
			files = (
				3F910FBB606FFED662052AD7 /* SettingsView.swift in Sources */,
				A000C45F60E9FF9EA7982BF1 /* TalkieApp.swift in Sources */,
				F33CE4580393952A335322A0 /* WebAppView.swift in Sources */,
			);
			runOnlyForDeploymentPostprocessing = 0;
		};
/* End PBXSourcesBuildPhase section */

/* Begin XCBuildConfiguration section */
		2FF144DA7AD84F12E3A3078D /* Debug */ = {
			isa = XCBuildConfiguration;
			buildSettings = {
				ALWAYS_SEARCH_USER_PATHS = NO;
				CLANG_ANALYZER_NONNULL = YES;
				CLANG_ANALYZER_NUMBER_OBJECT_CONVERSION = YES_AGGRESSIVE;
				CLANG_CXX_LANGUAGE_STANDARD = "gnu++14";
				CLANG_CXX_LIBRARY = "libc++";
				CLANG_ENABLE_MODULES = YES;
				CLANG_ENABLE_OBJC_ARC = YES;
				CLANG_ENABLE_OBJC_WEAK = YES;
				CLANG_WARN_BLOCK_CAPTURE_AUTORELEASING = YES;
				CLANG_WARN_BOOL_CONVERSION = YES;
				CLANG_WARN_COMMA = YES;
				CLANG_WARN_CONSTANT_CONVERSION = YES;
				CLANG_WARN_DEPRECATED_OBJC_IMPLEMENTATIONS = YES;
				CLANG_WARN_DIRECT_OBJC_ISA_USAGE = YES_ERROR;
				CLANG_WARN_DOCUMENTATION_COMMENTS = YES;
				CLANG_WARN_EMPTY_BODY = YES;
				CLANG_WARN_ENUM_CONVERSION = YES;
				CLANG_WARN_INFINITE_RECURSION = YES;
				CLANG_WARN_INT_CONVERSION = YES;
				CLANG_WARN_NON_LITERAL_NULL_CONVERSION = YES;
				CLANG_WARN_OBJC_IMPLICIT_RETAIN_SELF = YES;
				CLANG_WARN_OBJC_LITERAL_CONVERSION = YES;
				CLANG_WARN_OBJC_ROOT_CLASS = YES_ERROR;
				CLANG_WARN_QUOTED_INCLUDE_IN_FRAMEWORK_HEADER = YES;
				CLANG_WARN_RANGE_LOOP_ANALYSIS = YES;
				CLANG_WARN_STRICT_PROTOTYPES = YES;
				CLANG_WARN_SUSPICIOUS_MOVE = YES;
				CLANG_WARN_UNGUARDED_AVAILABILITY = YES_AGGRESSIVE;
				CLANG_WARN_UNREACHABLE_CODE = YES;
				CLANG_WARN__DUPLICATE_METHOD_MATCH = YES;
				CODE_SIGN_IDENTITY = "Apple Development";
				CODE_SIGN_STYLE = Automatic;
				COPY_PHASE_STRIP = NO;
				DEBUG_INFORMATION_FORMAT = dwarf;
				DEVELOPMENT_TEAM = Z75997FG3P;
				ENABLE_STRICT_OBJC_MSGSEND = YES;
				ENABLE_TESTABILITY = YES;
				GCC_C_LANGUAGE_STANDARD = gnu11;
				GCC_DYNAMIC_NO_PIC = NO;
				GCC_NO_COMMON_BLOCKS = YES;
				GCC_OPTIMIZATION_LEVEL = 0;
				GCC_PREPROCESSOR_DEFINITIONS = (
					"$(inherited)",
					"DEBUG=1",
				);
				GCC_WARN_64_TO_32_BIT_CONVERSION = YES;
				GCC_WARN_ABOUT_RETURN_TYPE = YES_ERROR;
				GCC_WARN_UNDECLARED_SELECTOR = YES;
				GCC_WARN_UNINITIALIZED_AUTOS = YES_AGGRESSIVE;
				GCC_WARN_UNUSED_FUNCTION = YES;
				GCC_WARN_UNUSED_VARIABLE = YES;
				IPHONEOS_DEPLOYMENT_TARGET = 26.0;
				MTL_ENABLE_DEBUG_INFO = INCLUDE_SOURCE;
				MTL_FAST_MATH = YES;
				ONLY_ACTIVE_ARCH = YES;
				PRODUCT_NAME = "$(TARGET_NAME)";
				SDKROOT = iphoneos;
				SWIFT_ACTIVE_COMPILATION_CONDITIONS = DEBUG;
				SWIFT_OPTIMIZATION_LEVEL = "-Onone";
				SWIFT_VERSION = 5.10;
			};
			name = Debug;
		};
		7AB8853241868424A718C541 /* Release */ = {
			isa = XCBuildConfiguration;
			buildSettings = {
				ASSETCATALOG_COMPILER_APPICON_NAME = AppIcon;
				CODE_SIGN_IDENTITY = "iPhone Developer";
				CURRENT_PROJECT_VERSION = 2;
				GENERATE_INFOPLIST_FILE = YES;
				INFOPLIST_KEY_CFBundleDisplayName = Talkie;
				INFOPLIST_KEY_NSMicrophoneUsageDescription = "Talkie a besoin du micro pour écouter les conversations et transcrire la parole.";
				INFOPLIST_KEY_NSSpeechRecognitionUsageDescription = "Talkie utilise la reconnaissance vocale pour transcrire les conversations.";
				INFOPLIST_KEY_UILaunchScreen_BackgroundColor = AccentColor;
				INFOPLIST_KEY_UILaunchScreen_Generation = YES;
				INFOPLIST_KEY_UISupportedInterfaceOrientations = "UIInterfaceOrientationPortrait UIInterfaceOrientationLandscapeLeft UIInterfaceOrientationLandscapeRight";
				LD_RUNPATH_SEARCH_PATHS = (
					"$(inherited)",
					"@executable_path/Frameworks",
				);
				MARKETING_VERSION = 2.2.0;
				PRODUCT_BUNDLE_IDENTIFIER = com.leonardogracios.talkie;
				SDKROOT = iphoneos;
				TARGETED_DEVICE_FAMILY = 1;
			};
			name = Release;
		};
		85DD8245F46E2472FE2DCF47 /* Release */ = {
			isa = XCBuildConfiguration;
			buildSettings = {
				ALWAYS_SEARCH_USER_PATHS = NO;
				CLANG_ANALYZER_NONNULL = YES;
				CLANG_ANALYZER_NUMBER_OBJECT_CONVERSION = YES_AGGRESSIVE;
				CLANG_CXX_LANGUAGE_STANDARD = "gnu++14";
				CLANG_CXX_LIBRARY = "libc++";
				CLANG_ENABLE_MODULES = YES;
				CLANG_ENABLE_OBJC_ARC = YES;
				CLANG_ENABLE_OBJC_WEAK = YES;
				CLANG_WARN_BLOCK_CAPTURE_AUTORELEASING = YES;
				CLANG_WARN_BOOL_CONVERSION = YES;
				CLANG_WARN_COMMA = YES;
				CLANG_WARN_CONSTANT_CONVERSION = YES;
				CLANG_WARN_DEPRECATED_OBJC_IMPLEMENTATIONS = YES;
				CLANG_WARN_DIRECT_OBJC_ISA_USAGE = YES_ERROR;
				CLANG_WARN_DOCUMENTATION_COMMENTS = YES;
				CLANG_WARN_EMPTY_BODY = YES;
				CLANG_WARN_ENUM_CONVERSION = YES;
				CLANG_WARN_INFINITE_RECURSION = YES;
				CLANG_WARN_INT_CONVERSION = YES;
				CLANG_WARN_NON_LITERAL_NULL_CONVERSION = YES;
				CLANG_WARN_OBJC_IMPLICIT_RETAIN_SELF = YES;
				CLANG_WARN_OBJC_LITERAL_CONVERSION = YES;
				CLANG_WARN_OBJC_ROOT_CLASS = YES_ERROR;
				CLANG_WARN_QUOTED_INCLUDE_IN_FRAMEWORK_HEADER = YES;
				CLANG_WARN_RANGE_LOOP_ANALYSIS = YES;
				CLANG_WARN_STRICT_PROTOTYPES = YES;
				CLANG_WARN_SUSPICIOUS_MOVE = YES;
				CLANG_WARN_UNGUARDED_AVAILABILITY = YES_AGGRESSIVE;
				CLANG_WARN_UNREACHABLE_CODE = YES;
				CLANG_WARN__DUPLICATE_METHOD_MATCH = YES;
				CODE_SIGN_IDENTITY = "Apple Development";
				CODE_SIGN_STYLE = Automatic;
				COPY_PHASE_STRIP = NO;
				DEBUG_INFORMATION_FORMAT = "dwarf-with-dsym";
				DEVELOPMENT_TEAM = Z75997FG3P;
				ENABLE_NS_ASSERTIONS = NO;
				ENABLE_STRICT_OBJC_MSGSEND = YES;
				GCC_C_LANGUAGE_STANDARD = gnu11;
				GCC_NO_COMMON_BLOCKS = YES;
				GCC_WARN_64_TO_32_BIT_CONVERSION = YES;
				GCC_WARN_ABOUT_RETURN_TYPE = YES_ERROR;
				GCC_WARN_UNDECLARED_SELECTOR = YES;
				GCC_WARN_UNINITIALIZED_AUTOS = YES_AGGRESSIVE;
				GCC_WARN_UNUSED_FUNCTION = YES;
				GCC_WARN_UNUSED_VARIABLE = YES;
				IPHONEOS_DEPLOYMENT_TARGET = 26.0;
				MTL_ENABLE_DEBUG_INFO = NO;
				MTL_FAST_MATH = YES;
				PRODUCT_NAME = "$(TARGET_NAME)";
				SDKROOT = iphoneos;
				SWIFT_COMPILATION_MODE = wholemodule;
				SWIFT_OPTIMIZATION_LEVEL = "-O";
				SWIFT_VERSION = 5.10;
			};
			name = Release;
		};
		B34B41DB1BD03F89BC5E4A4D /* Debug */ = {
			isa = XCBuildConfiguration;
			buildSettings = {
				ASSETCATALOG_COMPILER_APPICON_NAME = AppIcon;
				CODE_SIGN_IDENTITY = "iPhone Developer";
				CURRENT_PROJECT_VERSION = 2;
				GENERATE_INFOPLIST_FILE = YES;
				INFOPLIST_KEY_CFBundleDisplayName = Talkie;
				INFOPLIST_KEY_NSMicrophoneUsageDescription = "Talkie a besoin du micro pour écouter les conversations et transcrire la parole.";
				INFOPLIST_KEY_NSSpeechRecognitionUsageDescription = "Talkie utilise la reconnaissance vocale pour transcrire les conversations.";
				INFOPLIST_KEY_UILaunchScreen_BackgroundColor = AccentColor;
				INFOPLIST_KEY_UILaunchScreen_Generation = YES;
				INFOPLIST_KEY_UISupportedInterfaceOrientations = "UIInterfaceOrientationPortrait UIInterfaceOrientationLandscapeLeft UIInterfaceOrientationLandscapeRight";
				LD_RUNPATH_SEARCH_PATHS = (
					"$(inherited)",
					"@executable_path/Frameworks",
				);
				MARKETING_VERSION = 2.2.0;
				PRODUCT_BUNDLE_IDENTIFIER = com.leonardogracios.talkie;
				SDKROOT = iphoneos;
				TARGETED_DEVICE_FAMILY = 1;
			};
			name = Debug;
		};
/* End XCBuildConfiguration section */

/* Begin XCConfigurationList section */
		585B82EC452E00A8B77B93CB /* Build configuration list for PBXProject "Talkie" */ = {
			isa = XCConfigurationList;
			buildConfigurations = (
				2FF144DA7AD84F12E3A3078D /* Debug */,
				85DD8245F46E2472FE2DCF47 /* Release */,
			);
			defaultConfigurationIsVisible = 0;
			defaultConfigurationName = Debug;
		};
		5B858D37600594C5F58FDB22 /* Build configuration list for PBXNativeTarget "Talkie" */ = {
			isa = XCConfigurationList;
			buildConfigurations = (
				B34B41DB1BD03F89BC5E4A4D /* Debug */,
				7AB8853241868424A718C541 /* Release */,
			);
			defaultConfigurationIsVisible = 0;
			defaultConfigurationName = Debug;
		};
/* End XCConfigurationList section */
	};
	rootObject = 1DA5ACDD0A68FC39CAEAE97F /* Project object */;
}
